
Microsoft Visual Studio Solution File, Format Version 12.00
# Visual Studio Version 16
VisualStudioVersion = 16.0.29025.244
MinimumVisualStudioVersion = 10.0.40219.1
Project("{9A19103F-16F7-4668-BE54-9A1E7A4F7556}") = "SkiaChart", "SkiaChart\SkiaChart.csproj", "{EF6F07A5-38A6-40BF-926A-1B7643C9C7F2}"
EndProject
Project("{FAE04EC0-301F-11D3-BF4B-00C04F79EFBC}") = "TestApp.Android", "TestApp\TestApp.Android\TestApp.Android.csproj", "{D0CB64E6-981D-44A8-B9C1-922BFD196FF7}"
EndProject
Project("{9A19103F-16F7-4668-BE54-9A1E7A4F7556}") = "TestApp", "TestApp\TestApp\TestApp.csproj", "{D332CC76-E615-471C-9601-20306F570170}"
EndProject
Project("{FAE04EC0-301F-11D3-BF4B-00C04F79EFBC}") = "TestApp.uwp", "TestApp\TestApp.uwp\TestApp.uwp.csproj", "{E43E2F3C-3223-4F2E-BB8D-E077B79889BA}"
EndProject
Project("{FAE04EC0-301F-11D3-BF4B-00C04F79EFBC}") = "TestApp.macOS", "TestApp\TestApp.macOS\TestApp.macOS.csproj", "{1C017B80-0B0A-4108-A495-C846B41CA670}"
EndProject
Project("{FAE04EC0-301F-11D3-BF4B-00C04F79EFBC}") = "TestApp.iOS", "TestApp\TestApp.iOS\TestApp.iOS.csproj", "{18D16FD1-E0C1-4738-9998-2595CF433D20}"
EndProject
Project("{FAE04EC0-301F-11D3-BF4B-00C04F79EFBC}") = "TestApp.Gtk", "TestApp\TestApp.GTK\TestApp.Gtk.csproj", "{4F3727EC-6A62-454F-96E7-D5538022DAE8}"
EndProject
Project("{FAE04EC0-301F-11D3-BF4B-00C04F79EFBC}") = "TestApp.WPF", "TestApp\TestApp.WPF\TestApp.WPF.csproj", "{2C4763FA-08BB-4512-999E-8E169FEBDA0F}"
EndProject
Global
	GlobalSection(SolutionConfigurationPlatforms) = preSolution
		Debug|Any CPU = Debug|Any CPU
		Debug|ARM = Debug|ARM
		Debug|ARM64 = Debug|ARM64
		Debug|iPhone = Debug|iPhone
		Debug|iPhoneSimulator = Debug|iPhoneSimulator
		Debug|x64 = Debug|x64
		Debug|x86 = Debug|x86
		Release|Any CPU = Release|Any CPU
		Release|ARM = Release|ARM
		Release|ARM64 = Release|ARM64
		Release|iPhone = Release|iPhone
		Release|iPhoneSimulator = Release|iPhoneSimulator
		Release|x64 = Release|x64
		Release|x86 = Release|x86
	EndGlobalSection
	GlobalSection(ProjectConfigurationPlatforms) = postSolution
		{EF6F07A5-38A6-40BF-926A-1B7643C9C7F2}.Debug|Any CPU.ActiveCfg = Debug|Any CPU
		{EF6F07A5-38A6-40BF-926A-1B7643C9C7F2}.Debug|Any CPU.Build.0 = Debug|Any CPU
		{EF6F07A5-38A6-40BF-926A-1B7643C9C7F2}.Debug|ARM.ActiveCfg = Debug|Any CPU
		{EF6F07A5-38A6-40BF-926A-1B7643C9C7F2}.Debug|ARM.Build.0 = Debug|Any CPU
		{EF6F07A5-38A6-40BF-926A-1B7643C9C7F2}.Debug|ARM64.ActiveCfg = Debug|Any CPU
		{EF6F07A5-38A6-40BF-926A-1B7643C9C7F2}.Debug|ARM64.Build.0 = Debug|Any CPU
		{EF6F07A5-38A6-40BF-926A-1B7643C9C7F2}.Debug|iPhone.ActiveCfg = Debug|Any CPU
		{EF6F07A5-38A6-40BF-926A-1B7643C9C7F2}.Debug|iPhone.Build.0 = Debug|Any CPU
		{EF6F07A5-38A6-40BF-926A-1B7643C9C7F2}.Debug|iPhoneSimulator.ActiveCfg = Debug|Any CPU
		{EF6F07A5-38A6-40BF-926A-1B7643C9C7F2}.Debug|iPhoneSimulator.Build.0 = Debug|Any CPU
		{EF6F07A5-38A6-40BF-926A-1B7643C9C7F2}.Debug|x64.ActiveCfg = Debug|Any CPU
		{EF6F07A5-38A6-40BF-926A-1B7643C9C7F2}.Debug|x64.Build.0 = Debug|Any CPU
		{EF6F07A5-38A6-40BF-926A-1B7643C9C7F2}.Debug|x86.ActiveCfg = Debug|Any CPU
		{EF6F07A5-38A6-40BF-926A-1B7643C9C7F2}.Debug|x86.Build.0 = Debug|Any CPU
		{EF6F07A5-38A6-40BF-926A-1B7643C9C7F2}.Release|Any CPU.ActiveCfg = Release|Any CPU
		{EF6F07A5-38A6-40BF-926A-1B7643C9C7F2}.Release|Any CPU.Build.0 = Release|Any CPU
		{EF6F07A5-38A6-40BF-926A-1B7643C9C7F2}.Release|ARM.ActiveCfg = Release|Any CPU
		{EF6F07A5-38A6-40BF-926A-1B7643C9C7F2}.Release|ARM.Build.0 = Release|Any CPU
		{EF6F07A5-38A6-40BF-926A-1B7643C9C7F2}.Release|ARM64.ActiveCfg = Release|Any CPU
		{EF6F07A5-38A6-40BF-926A-1B7643C9C7F2}.Release|ARM64.Build.0 = Release|Any CPU
		{EF6F07A5-38A6-40BF-926A-1B7643C9C7F2}.Release|iPhone.ActiveCfg = Release|Any CPU
		{EF6F07A5-38A6-40BF-926A-1B7643C9C7F2}.Release|iPhone.Build.0 = Release|Any CPU
		{EF6F07A5-38A6-40BF-926A-1B7643C9C7F2}.Release|iPhoneSimulator.ActiveCfg = Release|Any CPU
		{EF6F07A5-38A6-40BF-926A-1B7643C9C7F2}.Release|iPhoneSimulator.Build.0 = Release|Any CPU
		{EF6F07A5-38A6-40BF-926A-1B7643C9C7F2}.Release|x64.ActiveCfg = Release|Any CPU
		{EF6F07A5-38A6-40BF-926A-1B7643C9C7F2}.Release|x64.Build.0 = Release|Any CPU
		{EF6F07A5-38A6-40BF-926A-1B7643C9C7F2}.Release|x86.ActiveCfg = Release|Any CPU
		{EF6F07A5-38A6-40BF-926A-1B7643C9C7F2}.Release|x86.Build.0 = Release|Any CPU
		{D0CB64E6-981D-44A8-B9C1-922BFD196FF7}.Debug|Any CPU.ActiveCfg = Debug|Any CPU
		{D0CB64E6-981D-44A8-B9C1-922BFD196FF7}.Debug|Any CPU.Build.0 = Debug|Any CPU
		{D0CB64E6-981D-44A8-B9C1-922BFD196FF7}.Debug|Any CPU.Deploy.0 = Debug|Any CPU
		{D0CB64E6-981D-44A8-B9C1-922BFD196FF7}.Debug|ARM.ActiveCfg = Debug|Any CPU
		{D0CB64E6-981D-44A8-B9C1-922BFD196FF7}.Debug|ARM.Build.0 = Debug|Any CPU
		{D0CB64E6-981D-44A8-B9C1-922BFD196FF7}.Debug|ARM.Deploy.0 = Debug|Any CPU
		{D0CB64E6-981D-44A8-B9C1-922BFD196FF7}.Debug|ARM64.ActiveCfg = Debug|Any CPU
		{D0CB64E6-981D-44A8-B9C1-922BFD196FF7}.Debug|ARM64.Build.0 = Debug|Any CPU
		{D0CB64E6-981D-44A8-B9C1-922BFD196FF7}.Debug|ARM64.Deploy.0 = Debug|Any CPU
		{D0CB64E6-981D-44A8-B9C1-922BFD196FF7}.Debug|iPhone.ActiveCfg = Debug|Any CPU
		{D0CB64E6-981D-44A8-B9C1-922BFD196FF7}.Debug|iPhone.Build.0 = Debug|Any CPU
		{D0CB64E6-981D-44A8-B9C1-922BFD196FF7}.Debug|iPhone.Deploy.0 = Debug|Any CPU
		{D0CB64E6-981D-44A8-B9C1-922BFD196FF7}.Debug|iPhoneSimulator.ActiveCfg = Debug|Any CPU
		{D0CB64E6-981D-44A8-B9C1-922BFD196FF7}.Debug|iPhoneSimulator.Build.0 = Debug|Any CPU
		{D0CB64E6-981D-44A8-B9C1-922BFD196FF7}.Debug|iPhoneSimulator.Deploy.0 = Debug|Any CPU
		{D0CB64E6-981D-44A8-B9C1-922BFD196FF7}.Debug|x64.ActiveCfg = Debug|Any CPU
		{D0CB64E6-981D-44A8-B9C1-922BFD196FF7}.Debug|x64.Build.0 = Debug|Any CPU
		{D0CB64E6-981D-44A8-B9C1-922BFD196FF7}.Debug|x64.Deploy.0 = Debug|Any CPU
		{D0CB64E6-981D-44A8-B9C1-922BFD196FF7}.Debug|x86.ActiveCfg = Debug|Any CPU
		{D0CB64E6-981D-44A8-B9C1-922BFD196FF7}.Debug|x86.Build.0 = Debug|Any CPU
		{D0CB64E6-981D-44A8-B9C1-922BFD196FF7}.Debug|x86.Deploy.0 = Debug|Any CPU
		{D0CB64E6-981D-44A8-B9C1-922BFD196FF7}.Release|Any CPU.ActiveCfg = Release|Any CPU
		{D0CB64E6-981D-44A8-B9C1-922BFD196FF7}.Release|Any CPU.Build.0 = Release|Any CPU
		{D0CB64E6-981D-44A8-B9C1-922BFD196FF7}.Release|Any CPU.Deploy.0 = Release|Any CPU
		{D0CB64E6-981D-44A8-B9C1-922BFD196FF7}.Release|ARM.ActiveCfg = Release|Any CPU
		{D0CB64E6-981D-44A8-B9C1-922BFD196FF7}.Release|ARM.Build.0 = Release|Any CPU
		{D0CB64E6-981D-44A8-B9C1-922BFD196FF7}.Release|ARM.Deploy.0 = Release|Any CPU
		{D0CB64E6-981D-44A8-B9C1-922BFD196FF7}.Release|ARM64.ActiveCfg = Release|Any CPU
		{D0CB64E6-981D-44A8-B9C1-922BFD196FF7}.Release|ARM64.Build.0 = Release|Any CPU
		{D0CB64E6-981D-44A8-B9C1-922BFD196FF7}.Release|ARM64.Deploy.0 = Release|Any CPU
		{D0CB64E6-981D-44A8-B9C1-922BFD196FF7}.Release|iPhone.ActiveCfg = Release|Any CPU
		{D0CB64E6-981D-44A8-B9C1-922BFD196FF7}.Release|iPhone.Build.0 = Release|Any CPU
		{D0CB64E6-981D-44A8-B9C1-922BFD196FF7}.Release|iPhone.Deploy.0 = Release|Any CPU
		{D0CB64E6-981D-44A8-B9C1-922BFD196FF7}.Release|iPhoneSimulator.ActiveCfg = Release|Any CPU
		{D0CB64E6-981D-44A8-B9C1-922BFD196FF7}.Release|iPhoneSimulator.Build.0 = Release|Any CPU
		{D0CB64E6-981D-44A8-B9C1-922BFD196FF7}.Release|iPhoneSimulator.Deploy.0 = Release|Any CPU
		{D0CB64E6-981D-44A8-B9C1-922BFD196FF7}.Release|x64.ActiveCfg = Release|Any CPU
		{D0CB64E6-981D-44A8-B9C1-922BFD196FF7}.Release|x64.Build.0 = Release|Any CPU
		{D0CB64E6-981D-44A8-B9C1-922BFD196FF7}.Release|x64.Deploy.0 = Release|Any CPU
		{D0CB64E6-981D-44A8-B9C1-922BFD196FF7}.Release|x86.ActiveCfg = Release|Any CPU
		{D0CB64E6-981D-44A8-B9C1-922BFD196FF7}.Release|x86.Build.0 = Release|Any CPU
		{D0CB64E6-981D-44A8-B9C1-922BFD196FF7}.Release|x86.Deploy.0 = Release|Any CPU
		{D332CC76-E615-471C-9601-20306F570170}.Debug|Any CPU.ActiveCfg = Debug|Any CPU
		{D332CC76-E615-471C-9601-20306F570170}.Debug|Any CPU.Build.0 = Debug|Any CPU
		{D332CC76-E615-471C-9601-20306F570170}.Debug|ARM.ActiveCfg = Debug|Any CPU
		{D332CC76-E615-471C-9601-20306F570170}.Debug|ARM.Build.0 = Debug|Any CPU
		{D332CC76-E615-471C-9601-20306F570170}.Debug|ARM64.ActiveCfg = Debug|Any CPU
		{D332CC76-E615-471C-9601-20306F570170}.Debug|ARM64.Build.0 = Debug|Any CPU
		{D332CC76-E615-471C-9601-20306F570170}.Debug|iPhone.ActiveCfg = Debug|Any CPU
		{D332CC76-E615-471C-9601-20306F570170}.Debug|iPhone.Build.0 = Debug|Any CPU
		{D332CC76-E615-471C-9601-20306F570170}.Debug|iPhoneSimulator.ActiveCfg = Debug|Any CPU
		{D332CC76-E615-471C-9601-20306F570170}.Debug|iPhoneSimulator.Build.0 = Debug|Any CPU
		{D332CC76-E615-471C-9601-20306F570170}.Debug|x64.ActiveCfg = Debug|Any CPU
		{D332CC76-E615-471C-9601-20306F570170}.Debug|x64.Build.0 = Debug|Any CPU
		{D332CC76-E615-471C-9601-20306F570170}.Debug|x86.ActiveCfg = Debug|Any CPU
		{D332CC76-E615-471C-9601-20306F570170}.Debug|x86.Build.0 = Debug|Any CPU
		{D332CC76-E615-471C-9601-20306F570170}.Release|Any CPU.ActiveCfg = Release|Any CPU
		{D332CC76-E615-471C-9601-20306F570170}.Release|Any CPU.Build.0 = Release|Any CPU
		{D332CC76-E615-471C-9601-20306F570170}.Release|ARM.ActiveCfg = Release|Any CPU
		{D332CC76-E615-471C-9601-20306F570170}.Release|ARM.Build.0 = Release|Any CPU
		{D332CC76-E615-471C-9601-20306F570170}.Release|ARM64.ActiveCfg = Release|Any CPU
		{D332CC76-E615-471C-9601-20306F570170}.Release|ARM64.Build.0 = Release|Any CPU
		{D332CC76-E615-471C-9601-20306F570170}.Release|iPhone.ActiveCfg = Release|Any CPU
		{D332CC76-E615-471C-9601-20306F570170}.Release|iPhone.Build.0 = Release|Any CPU
		{D332CC76-E615-471C-9601-20306F570170}.Release|iPhoneSimulator.ActiveCfg = Release|Any CPU
		{D332CC76-E615-471C-9601-20306F570170}.Release|iPhoneSimulator.Build.0 = Release|Any CPU
		{D332CC76-E615-471C-9601-20306F570170}.Release|x64.ActiveCfg = Release|Any CPU
		{D332CC76-E615-471C-9601-20306F570170}.Release|x64.Build.0 = Release|Any CPU
		{D332CC76-E615-471C-9601-20306F570170}.Release|x86.ActiveCfg = Release|Any CPU
		{D332CC76-E615-471C-9601-20306F570170}.Release|x86.Build.0 = Release|Any CPU
		{E43E2F3C-3223-4F2E-BB8D-E077B79889BA}.Debug|Any CPU.ActiveCfg = Debug|x86
		{E43E2F3C-3223-4F2E-BB8D-E077B79889BA}.Debug|ARM.ActiveCfg = Debug|ARM
		{E43E2F3C-3223-4F2E-BB8D-E077B79889BA}.Debug|ARM.Build.0 = Debug|ARM
		{E43E2F3C-3223-4F2E-BB8D-E077B79889BA}.Debug|ARM.Deploy.0 = Debug|ARM
		{E43E2F3C-3223-4F2E-BB8D-E077B79889BA}.Debug|ARM64.ActiveCfg = Debug|ARM64
		{E43E2F3C-3223-4F2E-BB8D-E077B79889BA}.Debug|ARM64.Build.0 = Debug|ARM64
		{E43E2F3C-3223-4F2E-BB8D-E077B79889BA}.Debug|ARM64.Deploy.0 = Debug|ARM64
		{E43E2F3C-3223-4F2E-BB8D-E077B79889BA}.Debug|iPhone.ActiveCfg = Debug|x86
		{E43E2F3C-3223-4F2E-BB8D-E077B79889BA}.Debug|iPhoneSimulator.ActiveCfg = Debug|x86
		{E43E2F3C-3223-4F2E-BB8D-E077B79889BA}.Debug|x64.ActiveCfg = Debug|x64
		{E43E2F3C-3223-4F2E-BB8D-E077B79889BA}.Debug|x64.Build.0 = Debug|x64
		{E43E2F3C-3223-4F2E-BB8D-E077B79889BA}.Debug|x64.Deploy.0 = Debug|x64
		{E43E2F3C-3223-4F2E-BB8D-E077B79889BA}.Debug|x86.ActiveCfg = Debug|x86
		{E43E2F3C-3223-4F2E-BB8D-E077B79889BA}.Debug|x86.Build.0 = Debug|x86
		{E43E2F3C-3223-4F2E-BB8D-E077B79889BA}.Debug|x86.Deploy.0 = Debug|x86
		{E43E2F3C-3223-4F2E-BB8D-E077B79889BA}.Release|Any CPU.ActiveCfg = Release|x86
		{E43E2F3C-3223-4F2E-BB8D-E077B79889BA}.Release|ARM.ActiveCfg = Release|ARM
		{E43E2F3C-3223-4F2E-BB8D-E077B79889BA}.Release|ARM.Build.0 = Release|ARM
		{E43E2F3C-3223-4F2E-BB8D-E077B79889BA}.Release|ARM.Deploy.0 = Release|ARM
		{E43E2F3C-3223-4F2E-BB8D-E077B79889BA}.Release|ARM64.ActiveCfg = Release|ARM64
		{E43E2F3C-3223-4F2E-BB8D-E077B79889BA}.Release|ARM64.Build.0 = Release|ARM64
		{E43E2F3C-3223-4F2E-BB8D-E077B79889BA}.Release|ARM64.Deploy.0 = Release|ARM64
		{E43E2F3C-3223-4F2E-BB8D-E077B79889BA}.Release|iPhone.ActiveCfg = Release|x86
		{E43E2F3C-3223-4F2E-BB8D-E077B79889BA}.Release|iPhoneSimulator.ActiveCfg = Release|x86
		{E43E2F3C-3223-4F2E-BB8D-E077B79889BA}.Release|x64.ActiveCfg = Release|x64
		{E43E2F3C-3223-4F2E-BB8D-E077B79889BA}.Release|x64.Build.0 = Release|x64
		{E43E2F3C-3223-4F2E-BB8D-E077B79889BA}.Release|x64.Deploy.0 = Release|x64
		{E43E2F3C-3223-4F2E-BB8D-E077B79889BA}.Release|x86.ActiveCfg = Release|x86
		{E43E2F3C-3223-4F2E-BB8D-E077B79889BA}.Release|x86.Build.0 = Release|x86
		{E43E2F3C-3223-4F2E-BB8D-E077B79889BA}.Release|x86.Deploy.0 = Release|x86
		{1C017B80-0B0A-4108-A495-C846B41CA670}.Debug|Any CPU.ActiveCfg = Debug|Any CPU
		{1C017B80-0B0A-4108-A495-C846B41CA670}.Debug|Any CPU.Build.0 = Debug|Any CPU
		{1C017B80-0B0A-4108-A495-C846B41CA670}.Debug|ARM.ActiveCfg = Debug|Any CPU
		{1C017B80-0B0A-4108-A495-C846B41CA670}.Debug|ARM.Build.0 = Debug|Any CPU
		{1C017B80-0B0A-4108-A495-C846B41CA670}.Debug|ARM64.ActiveCfg = Debug|Any CPU
		{1C017B80-0B0A-4108-A495-C846B41CA670}.Debug|ARM64.Build.0 = Debug|Any CPU
		{1C017B80-0B0A-4108-A495-C846B41CA670}.Debug|iPhone.ActiveCfg = Debug|Any CPU
		{1C017B80-0B0A-4108-A495-C846B41CA670}.Debug|iPhone.Build.0 = Debug|Any CPU
		{1C017B80-0B0A-4108-A495-C846B41CA670}.Debug|iPhoneSimulator.ActiveCfg = Debug|Any CPU
		{1C017B80-0B0A-4108-A495-C846B41CA670}.Debug|iPhoneSimulator.Build.0 = Debug|Any CPU
		{1C017B80-0B0A-4108-A495-C846B41CA670}.Debug|x64.ActiveCfg = Debug|Any CPU
		{1C017B80-0B0A-4108-A495-C846B41CA670}.Debug|x64.Build.0 = Debug|Any CPU
		{1C017B80-0B0A-4108-A495-C846B41CA670}.Debug|x86.ActiveCfg = Debug|Any CPU
		{1C017B80-0B0A-4108-A495-C846B41CA670}.Debug|x86.Build.0 = Debug|Any CPU
		{1C017B80-0B0A-4108-A495-C846B41CA670}.Release|Any CPU.ActiveCfg = Release|Any CPU
		{1C017B80-0B0A-4108-A495-C846B41CA670}.Release|Any CPU.Build.0 = Release|Any CPU
		{1C017B80-0B0A-4108-A495-C846B41CA670}.Release|ARM.ActiveCfg = Release|Any CPU
		{1C017B80-0B0A-4108-A495-C846B41CA670}.Release|ARM.Build.0 = Release|Any CPU
		{1C017B80-0B0A-4108-A495-C846B41CA670}.Release|ARM64.ActiveCfg = Release|Any CPU
		{1C017B80-0B0A-4108-A495-C846B41CA670}.Release|ARM64.Build.0 = Release|Any CPU
		{1C017B80-0B0A-4108-A495-C846B41CA670}.Release|iPhone.ActiveCfg = Release|Any CPU
		{1C017B80-0B0A-4108-A495-C846B41CA670}.Release|iPhone.Build.0 = Release|Any CPU
		{1C017B80-0B0A-4108-A495-C846B41CA670}.Release|iPhoneSimulator.ActiveCfg = Release|Any CPU
		{1C017B80-0B0A-4108-A495-C846B41CA670}.Release|iPhoneSimulator.Build.0 = Release|Any CPU
		{1C017B80-0B0A-4108-A495-C846B41CA670}.Release|x64.ActiveCfg = Release|Any CPU
		{1C017B80-0B0A-4108-A495-C846B41CA670}.Release|x64.Build.0 = Release|Any CPU
		{1C017B80-0B0A-4108-A495-C846B41CA670}.Release|x86.ActiveCfg = Release|Any CPU
		{1C017B80-0B0A-4108-A495-C846B41CA670}.Release|x86.Build.0 = Release|Any CPU
		{18D16FD1-E0C1-4738-9998-2595CF433D20}.Debug|Any CPU.ActiveCfg = Debug|iPhone
		{18D16FD1-E0C1-4738-9998-2595CF433D20}.Debug|ARM.ActiveCfg = Debug|iPhone
		{18D16FD1-E0C1-4738-9998-2595CF433D20}.Debug|ARM64.ActiveCfg = Debug|iPhone
		{18D16FD1-E0C1-4738-9998-2595CF433D20}.Debug|iPhone.ActiveCfg = Debug|iPhone
		{18D16FD1-E0C1-4738-9998-2595CF433D20}.Debug|iPhone.Build.0 = Debug|iPhone
		{18D16FD1-E0C1-4738-9998-2595CF433D20}.Debug|iPhone.Deploy.0 = Debug|iPhone
		{18D16FD1-E0C1-4738-9998-2595CF433D20}.Debug|iPhoneSimulator.ActiveCfg = Debug|iPhoneSimulator
		{18D16FD1-E0C1-4738-9998-2595CF433D20}.Debug|iPhoneSimulator.Build.0 = Debug|iPhoneSimulator
		{18D16FD1-E0C1-4738-9998-2595CF433D20}.Debug|x64.ActiveCfg = Debug|iPhone
		{18D16FD1-E0C1-4738-9998-2595CF433D20}.Debug|x86.ActiveCfg = Debug|iPhone
		{18D16FD1-E0C1-4738-9998-2595CF433D20}.Release|Any CPU.ActiveCfg = Release|iPhone
		{18D16FD1-E0C1-4738-9998-2595CF433D20}.Release|ARM.ActiveCfg = Release|iPhone
		{18D16FD1-E0C1-4738-9998-2595CF433D20}.Release|ARM64.ActiveCfg = Release|iPhone
		{18D16FD1-E0C1-4738-9998-2595CF433D20}.Release|iPhone.ActiveCfg = Release|iPhone
		{18D16FD1-E0C1-4738-9998-2595CF433D20}.Release|iPhone.Build.0 = Release|iPhone
		{18D16FD1-E0C1-4738-9998-2595CF433D20}.Release|iPhoneSimulator.ActiveCfg = Release|iPhoneSimulator
		{18D16FD1-E0C1-4738-9998-2595CF433D20}.Release|iPhoneSimulator.Build.0 = Release|iPhoneSimulator
		{18D16FD1-E0C1-4738-9998-2595CF433D20}.Release|x64.ActiveCfg = Release|iPhone
		{18D16FD1-E0C1-4738-9998-2595CF433D20}.Release|x86.ActiveCfg = Release|iPhone
		{4F3727EC-6A62-454F-96E7-D5538022DAE8}.Debug|Any CPU.ActiveCfg = Debug|Any CPU
		{4F3727EC-6A62-454F-96E7-D5538022DAE8}.Debug|Any CPU.Build.0 = Debug|Any CPU
		{4F3727EC-6A62-454F-96E7-D5538022DAE8}.Debug|ARM.ActiveCfg = Debug|Any CPU
		{4F3727EC-6A62-454F-96E7-D5538022DAE8}.Debug|ARM.Build.0 = Debug|Any CPU
		{4F3727EC-6A62-454F-96E7-D5538022DAE8}.Debug|ARM64.ActiveCfg = Debug|Any CPU
		{4F3727EC-6A62-454F-96E7-D5538022DAE8}.Debug|ARM64.Build.0 = Debug|Any CPU
		{4F3727EC-6A62-454F-96E7-D5538022DAE8}.Debug|iPhone.ActiveCfg = Debug|Any CPU
		{4F3727EC-6A62-454F-96E7-D5538022DAE8}.Debug|iPhone.Build.0 = Debug|Any CPU
		{4F3727EC-6A62-454F-96E7-D5538022DAE8}.Debug|iPhoneSimulator.ActiveCfg = Debug|Any CPU
		{4F3727EC-6A62-454F-96E7-D5538022DAE8}.Debug|iPhoneSimulator.Build.0 = Debug|Any CPU
		{4F3727EC-6A62-454F-96E7-D5538022DAE8}.Debug|x64.ActiveCfg = Debug|Any CPU
		{4F3727EC-6A62-454F-96E7-D5538022DAE8}.Debug|x64.Build.0 = Debug|Any CPU
		{4F3727EC-6A62-454F-96E7-D5538022DAE8}.Debug|x86.ActiveCfg = Debug|Any CPU
		{4F3727EC-6A62-454F-96E7-D5538022DAE8}.Debug|x86.Build.0 = Debug|Any CPU
		{4F3727EC-6A62-454F-96E7-D5538022DAE8}.Release|Any CPU.ActiveCfg = Release|Any CPU
		{4F3727EC-6A62-454F-96E7-D5538022DAE8}.Release|Any CPU.Build.0 = Release|Any CPU
		{4F3727EC-6A62-454F-96E7-D5538022DAE8}.Release|ARM.ActiveCfg = Release|Any CPU
		{4F3727EC-6A62-454F-96E7-D5538022DAE8}.Release|ARM.Build.0 = Release|Any CPU
		{4F3727EC-6A62-454F-96E7-D5538022DAE8}.Release|ARM64.ActiveCfg = Release|Any CPU
		{4F3727EC-6A62-454F-96E7-D5538022DAE8}.Release|ARM64.Build.0 = Release|Any CPU
		{4F3727EC-6A62-454F-96E7-D5538022DAE8}.Release|iPhone.ActiveCfg = Release|Any CPU
		{4F3727EC-6A62-454F-96E7-D5538022DAE8}.Release|iPhone.Build.0 = Release|Any CPU
		{4F3727EC-6A62-454F-96E7-D5538022DAE8}.Release|iPhoneSimulator.ActiveCfg = Release|Any CPU
		{4F3727EC-6A62-454F-96E7-D5538022DAE8}.Release|iPhoneSimulator.Build.0 = Release|Any CPU
		{4F3727EC-6A62-454F-96E7-D5538022DAE8}.Release|x64.ActiveCfg = Release|Any CPU
		{4F3727EC-6A62-454F-96E7-D5538022DAE8}.Release|x64.Build.0 = Release|Any CPU
		{4F3727EC-6A62-454F-96E7-D5538022DAE8}.Release|x86.ActiveCfg = Release|Any CPU
		{4F3727EC-6A62-454F-96E7-D5538022DAE8}.Release|x86.Build.0 = Release|Any CPU
		{2C4763FA-08BB-4512-999E-8E169FEBDA0F}.Debug|Any CPU.ActiveCfg = Debug|Any CPU
		{2C4763FA-08BB-4512-999E-8E169FEBDA0F}.Debug|Any CPU.Build.0 = Debug|Any CPU
		{2C4763FA-08BB-4512-999E-8E169FEBDA0F}.Debug|ARM.ActiveCfg = Debug|Any CPU
		{2C4763FA-08BB-4512-999E-8E169FEBDA0F}.Debug|ARM.Build.0 = Debug|Any CPU
		{2C4763FA-08BB-4512-999E-8E169FEBDA0F}.Debug|ARM64.ActiveCfg = Debug|Any CPU
		{2C4763FA-08BB-4512-999E-8E169FEBDA0F}.Debug|ARM64.Build.0 = Debug|Any CPU
		{2C4763FA-08BB-4512-999E-8E169FEBDA0F}.Debug|iPhone.ActiveCfg = Debug|Any CPU
		{2C4763FA-08BB-4512-999E-8E169FEBDA0F}.Debug|iPhone.Build.0 = Debug|Any CPU
		{2C4763FA-08BB-4512-999E-8E169FEBDA0F}.Debug|iPhoneSimulator.ActiveCfg = Debug|Any CPU
		{2C4763FA-08BB-4512-999E-8E169FEBDA0F}.Debug|iPhoneSimulator.Build.0 = Debug|Any CPU
		{2C4763FA-08BB-4512-999E-8E169FEBDA0F}.Debug|x64.ActiveCfg = Debug|Any CPU
		{2C4763FA-08BB-4512-999E-8E169FEBDA0F}.Debug|x64.Build.0 = Debug|Any CPU
		{2C4763FA-08BB-4512-999E-8E169FEBDA0F}.Debug|x86.ActiveCfg = Debug|Any CPU
		{2C4763FA-08BB-4512-999E-8E169FEBDA0F}.Debug|x86.Build.0 = Debug|Any CPU
		{2C4763FA-08BB-4512-999E-8E169FEBDA0F}.Release|Any CPU.ActiveCfg = Release|Any CPU
		{2C4763FA-08BB-4512-999E-8E169FEBDA0F}.Release|Any CPU.Build.0 = Release|Any CPU
		{2C4763FA-08BB-4512-999E-8E169FEBDA0F}.Release|ARM.ActiveCfg = Release|Any CPU
		{2C4763FA-08BB-4512-999E-8E169FEBDA0F}.Release|ARM.Build.0 = Release|Any CPU
		{2C4763FA-08BB-4512-999E-8E169FEBDA0F}.Release|ARM64.ActiveCfg = Release|Any CPU
		{2C4763FA-08BB-4512-999E-8E169FEBDA0F}.Release|ARM64.Build.0 = Release|Any CPU
		{2C4763FA-08BB-4512-999E-8E169FEBDA0F}.Release|iPhone.ActiveCfg = Release|Any CPU
		{2C4763FA-08BB-4512-999E-8E169FEBDA0F}.Release|iPhone.Build.0 = Release|Any CPU
		{2C4763FA-08BB-4512-999E-8E169FEBDA0F}.Release|iPhoneSimulator.ActiveCfg = Release|Any CPU
		{2C4763FA-08BB-4512-999E-8E169FEBDA0F}.Release|iPhoneSimulator.Build.0 = Release|Any CPU
		{2C4763FA-08BB-4512-999E-8E169FEBDA0F}.Release|x64.ActiveCfg = Release|Any CPU
		{2C4763FA-08BB-4512-999E-8E169FEBDA0F}.Release|x64.Build.0 = Release|Any CPU
		{2C4763FA-08BB-4512-999E-8E169FEBDA0F}.Release|x86.ActiveCfg = Release|Any CPU
		{2C4763FA-08BB-4512-999E-8E169FEBDA0F}.Release|x86.Build.0 = Release|Any CPU
	EndGlobalSection
	GlobalSection(SolutionProperties) = preSolution
		HideSolutionNode = FALSE
	EndGlobalSection
	GlobalSection(ExtensibilityGlobals) = postSolution
		SolutionGuid = {FC4669CD-237F-43FE-A920-7408DAF2F2B5}
	EndGlobalSection
EndGlobal
