
Microsoft Visual Studio Solution File, Format Version 12.00
# Visual Studio Version 16
VisualStudioVersion = 16.0.29025.244
MinimumVisualStudioVersion = 10.0.40219.1
Project("{9A19103F-16F7-4668-BE54-9A1E7A4F7556}") = "SkiaChart", "SkiaChart\SkiaChart.csproj", "{EF6F07A5-38A6-40BF-926A-1B7643C9C7F2}"
EndProject
Project("{FAE04EC0-301F-11D3-BF4B-00C04F79EFBC}") = "TestApp.Android", "TestApp\TestApp.Android\TestApp.Android.csproj", "{D0CB64E6-981D-44A8-B9C1-922BFD196FF7}"
EndProject
Project("{FAE04EC0-301F-11D3-BF4B-00C04F79EFBC}") = "TestApp", "TestApp\TestApp\TestApp.csproj", "{D332CC76-E615-471C-9601-20306F570170}"
EndProject
Global
	GlobalSection(SolutionConfigurationPlatforms) = preSolution
		Debug|Any CPU = Debug|Any CPU
		Release|Any CPU = Release|Any CPU
	EndGlobalSection
	GlobalSection(ProjectConfigurationPlatforms) = postSolution
		{EF6F07A5-38A6-40BF-926A-1B7643C9C7F2}.Debug|Any CPU.ActiveCfg = Debug|Any CPU
		{EF6F07A5-38A6-40BF-926A-1B7643C9C7F2}.Debug|Any CPU.Build.0 = Debug|Any CPU
		{EF6F07A5-38A6-40BF-926A-1B7643C9C7F2}.Release|Any CPU.ActiveCfg = Release|Any CPU
		{EF6F07A5-38A6-40BF-926A-1B7643C9C7F2}.Release|Any CPU.Build.0 = Release|Any CPU
		{D0CB64E6-981D-44A8-B9C1-922BFD196FF7}.Debug|Any CPU.ActiveCfg = Debug|Any CPU
		{D0CB64E6-981D-44A8-B9C1-922BFD196FF7}.Debug|Any CPU.Build.0 = Debug|Any CPU
		{D0CB64E6-981D-44A8-B9C1-922BFD196FF7}.Debug|Any CPU.Deploy.0 = Debug|Any CPU
		{D0CB64E6-981D-44A8-B9C1-922BFD196FF7}.Release|Any CPU.ActiveCfg = Release|Any CPU
		{D0CB64E6-981D-44A8-B9C1-922BFD196FF7}.Release|Any CPU.Build.0 = Release|Any CPU
		{D0CB64E6-981D-44A8-B9C1-922BFD196FF7}.Release|Any CPU.Deploy.0 = Release|Any CPU
		{D332CC76-E615-471C-9601-20306F570170}.Debug|Any CPU.ActiveCfg = Debug|Any CPU
		{D332CC76-E615-471C-9601-20306F570170}.Debug|Any CPU.Build.0 = Debug|Any CPU
		{D332CC76-E615-471C-9601-20306F570170}.Release|Any CPU.ActiveCfg = Release|Any CPU
		{D332CC76-E615-471C-9601-20306F570170}.Release|Any CPU.Build.0 = Release|Any CPU
	EndGlobalSection
	GlobalSection(SolutionProperties) = preSolution
		HideSolutionNode = FALSE
	EndGlobalSection
	GlobalSection(ExtensibilityGlobals) = postSolution
		SolutionGuid = {FC4669CD-237F-43FE-A920-7408DAF2F2B5}
	EndGlobalSection
EndGlobal
